
Microsoft Visual Studio Solution File, Format Version 12.00
# Visual Studio Version 16
VisualStudioVersion = 16.0.30907.101
MinimumVisualStudioVersion = 10.0.40219.1
Project("{FAE04EC0-301F-11D3-BF4B-00C04F79EFBC}") = "PrimeiroProjeto", "PrimeiroProjeto\PrimeiroProjeto.csproj", "{B3B4CCCB-8D5D-4B55-9C77-6A815D92C4C1}"
EndProject
Global
	GlobalSection(SolutionConfigurationPlatforms) = preSolution
		Debug|Any CPU = Debug|Any CPU
		Release|Any CPU = Release|Any CPU
	EndGlobalSection
	GlobalSection(ProjectConfigurationPlatforms) = postSolution
		{B3B4CCCB-8D5D-4B55-9C77-6A815D92C4C1}.Debug|Any CPU.ActiveCfg = Debug|Any CPU
		{B3B4CCCB-8D5D-4B55-9C77-6A815D92C4C1}.Debug|Any CPU.Build.0 = Debug|Any CPU
		{B3B4CCCB-8D5D-4B55-9C77-6A815D92C4C1}.Release|Any CPU.ActiveCfg = Release|Any CPU
		{B3B4CCCB-8D5D-4B55-9C77-6A815D92C4C1}.Release|Any CPU.Build.0 = Release|Any CPU
	EndGlobalSection
	GlobalSection(SolutionProperties) = preSolution
		HideSolutionNode = FALSE
	EndGlobalSection
	GlobalSection(ExtensibilityGlobals) = postSolution
		SolutionGuid = {8362D31B-1276-4C5A-BE0B-E155E43C8297}
	EndGlobalSection
EndGlobal
